
Microsoft Visual Studio Solution File, Format Version 12.00
# Visual Studio Version 17
VisualStudioVersion = 17.1.32421.90
MinimumVisualStudioVersion = 10.0.40219.1
Project("{9A19103F-16F7-4668-BE54-9A1E7A4F7556}") = "JackFormsExample", "JackFormsExample\JackFormsExample.csproj", "{44A1CD23-3B69-4547-8C24-ABD9A20CDA49}"
EndProject
Project("{FAE04EC0-301F-11D3-BF4B-00C04F79EFBC}") = "this project compiles to a dll file", "this project compiles to a dll file\this project compiles to a dll file.csproj", "{CDEAE6EA-4FF6-470E-9608-E9D570638150}"
EndProject
Global
	GlobalSection(SolutionConfigurationPlatforms) = preSolution
		Debug|Any CPU = Debug|Any CPU
		Release|Any CPU = Release|Any CPU
	EndGlobalSection
	GlobalSection(ProjectConfigurationPlatforms) = postSolution
		{44A1CD23-3B69-4547-8C24-ABD9A20CDA49}.Debug|Any CPU.ActiveCfg = Debug|Any CPU
		{44A1CD23-3B69-4547-8C24-ABD9A20CDA49}.Debug|Any CPU.Build.0 = Debug|Any CPU
		{44A1CD23-3B69-4547-8C24-ABD9A20CDA49}.Release|Any CPU.ActiveCfg = Release|Any CPU
		{44A1CD23-3B69-4547-8C24-ABD9A20CDA49}.Release|Any CPU.Build.0 = Release|Any CPU
		{CDEAE6EA-4FF6-470E-9608-E9D570638150}.Debug|Any CPU.ActiveCfg = Debug|Any CPU
		{CDEAE6EA-4FF6-470E-9608-E9D570638150}.Debug|Any CPU.Build.0 = Debug|Any CPU
		{CDEAE6EA-4FF6-470E-9608-E9D570638150}.Release|Any CPU.ActiveCfg = Release|Any CPU
		{CDEAE6EA-4FF6-470E-9608-E9D570638150}.Release|Any CPU.Build.0 = Release|Any CPU
	EndGlobalSection
	GlobalSection(SolutionProperties) = preSolution
		HideSolutionNode = FALSE
	EndGlobalSection
	GlobalSection(ExtensibilityGlobals) = postSolution
		SolutionGuid = {F8E93A66-0812-48D6-B273-D93442C698B5}
	EndGlobalSection
EndGlobal
